
Microsoft Visual Studio Solution File, Format Version 12.00
# Visual Studio Version 16
VisualStudioVersion = 16.0.30804.86
MinimumVisualStudioVersion = 10.0.40219.1
Project("{FAE04EC0-301F-11D3-BF4B-00C04F79EFBC}") = "UntariTests", "UntariTests\UntariTests.csproj", "{BBDA0D8A-0297-4185-A7D5-3B2DDE26D300}"
EndProject
Project("{FAE04EC0-301F-11D3-BF4B-00C04F79EFBC}") = "Untari", "Untari\Untari.csproj", "{034CF67C-4B07-4B66-BB90-0E0404DFA5AF}"
EndProject
Project("{FAE04EC0-301F-11D3-BF4B-00C04F79EFBC}") = "e6502", "..\e6502\e6502\e6502.csproj", "{20DC9955-1EA3-412A-B42D-2CBECAAB9D96}"
EndProject
Project("{FAE04EC0-301F-11D3-BF4B-00C04F79EFBC}") = "e6502UnitTests", "..\e6502\e6502UnitTests\e6502UnitTests.csproj", "{785588DA-4EE2-498A-A511-26252DA9525F}"
EndProject
Global
	GlobalSection(SolutionConfigurationPlatforms) = preSolution
		Debug|Any CPU = Debug|Any CPU
		Release|Any CPU = Release|Any CPU
	EndGlobalSection
	GlobalSection(ProjectConfigurationPlatforms) = postSolution
		{BBDA0D8A-0297-4185-A7D5-3B2DDE26D300}.Debug|Any CPU.ActiveCfg = Debug|Any CPU
		{BBDA0D8A-0297-4185-A7D5-3B2DDE26D300}.Debug|Any CPU.Build.0 = Debug|Any CPU
		{BBDA0D8A-0297-4185-A7D5-3B2DDE26D300}.Release|Any CPU.ActiveCfg = Release|Any CPU
		{BBDA0D8A-0297-4185-A7D5-3B2DDE26D300}.Release|Any CPU.Build.0 = Release|Any CPU
		{034CF67C-4B07-4B66-BB90-0E0404DFA5AF}.Debug|Any CPU.ActiveCfg = Debug|Any CPU
		{034CF67C-4B07-4B66-BB90-0E0404DFA5AF}.Debug|Any CPU.Build.0 = Debug|Any CPU
		{034CF67C-4B07-4B66-BB90-0E0404DFA5AF}.Release|Any CPU.ActiveCfg = Release|Any CPU
		{034CF67C-4B07-4B66-BB90-0E0404DFA5AF}.Release|Any CPU.Build.0 = Release|Any CPU
		{20DC9955-1EA3-412A-B42D-2CBECAAB9D96}.Debug|Any CPU.ActiveCfg = Debug|Any CPU
		{20DC9955-1EA3-412A-B42D-2CBECAAB9D96}.Debug|Any CPU.Build.0 = Debug|Any CPU
		{20DC9955-1EA3-412A-B42D-2CBECAAB9D96}.Release|Any CPU.ActiveCfg = Release|Any CPU
		{20DC9955-1EA3-412A-B42D-2CBECAAB9D96}.Release|Any CPU.Build.0 = Release|Any CPU
		{785588DA-4EE2-498A-A511-26252DA9525F}.Debug|Any CPU.ActiveCfg = Debug|Any CPU
		{785588DA-4EE2-498A-A511-26252DA9525F}.Debug|Any CPU.Build.0 = Debug|Any CPU
		{785588DA-4EE2-498A-A511-26252DA9525F}.Release|Any CPU.ActiveCfg = Release|Any CPU
		{785588DA-4EE2-498A-A511-26252DA9525F}.Release|Any CPU.Build.0 = Release|Any CPU
	EndGlobalSection
	GlobalSection(SolutionProperties) = preSolution
		HideSolutionNode = FALSE
	EndGlobalSection
	GlobalSection(ExtensibilityGlobals) = postSolution
		SolutionGuid = {E17011A5-A2C1-435A-B489-1C0DE57C84B7}
	EndGlobalSection
EndGlobal
